
Microsoft Visual Studio Solution File, Format Version 12.00
# Visual Studio Version 16
VisualStudioVersion = 16.0.31624.102
MinimumVisualStudioVersion = 10.0.40219.1
Project("{9A19103F-16F7-4668-BE54-9A1E7A4F7556}") = "test", "test\test.csproj", "{121990F3-3560-490B-A933-E405D2F482EA}"
EndProject
Project("{9A19103F-16F7-4668-BE54-9A1E7A4F7556}") = "Domain.Model", "..\RecruitingStaffWebApp\Domain.Model\Domain.Model.csproj", "{8AA89A82-CF8A-4E07-AB84-E6F6535ADEF2}"
EndProject
Global
	GlobalSection(SolutionConfigurationPlatforms) = preSolution
		Debug|Any CPU = Debug|Any CPU
		Release|Any CPU = Release|Any CPU
	EndGlobalSection
	GlobalSection(ProjectConfigurationPlatforms) = postSolution
		{121990F3-3560-490B-A933-E405D2F482EA}.Debug|Any CPU.ActiveCfg = Debug|Any CPU
		{121990F3-3560-490B-A933-E405D2F482EA}.Debug|Any CPU.Build.0 = Debug|Any CPU
		{121990F3-3560-490B-A933-E405D2F482EA}.Release|Any CPU.ActiveCfg = Release|Any CPU
		{121990F3-3560-490B-A933-E405D2F482EA}.Release|Any CPU.Build.0 = Release|Any CPU
		{8AA89A82-CF8A-4E07-AB84-E6F6535ADEF2}.Debug|Any CPU.ActiveCfg = Debug|Any CPU
		{8AA89A82-CF8A-4E07-AB84-E6F6535ADEF2}.Debug|Any CPU.Build.0 = Debug|Any CPU
		{8AA89A82-CF8A-4E07-AB84-E6F6535ADEF2}.Release|Any CPU.ActiveCfg = Release|Any CPU
		{8AA89A82-CF8A-4E07-AB84-E6F6535ADEF2}.Release|Any CPU.Build.0 = Release|Any CPU
	EndGlobalSection
	GlobalSection(SolutionProperties) = preSolution
		HideSolutionNode = FALSE
	EndGlobalSection
	GlobalSection(ExtensibilityGlobals) = postSolution
		SolutionGuid = {88C1C121-25D4-497D-9CFD-C11A940546BF}
	EndGlobalSection
EndGlobal
